
Microsoft Visual Studio Solution File, Format Version 12.00
# Visual Studio Version 17
VisualStudioVersion = 17.8.34511.84
MinimumVisualStudioVersion = 10.0.40219.1
Project("{FAE04EC0-301F-11D3-BF4B-00C04F79EFBC}") = "Pa_Evidence", "Pa_Evidence\Pa_Evidence.csproj", "{08347957-40E7-4BB0-AFB4-C6E4B22FF87E}"
EndProject
Global
	GlobalSection(SolutionConfigurationPlatforms) = preSolution
		Debug|Any CPU = Debug|Any CPU
		Release|Any CPU = Release|Any CPU
	EndGlobalSection
	GlobalSection(ProjectConfigurationPlatforms) = postSolution
		{08347957-40E7-4BB0-AFB4-C6E4B22FF87E}.Debug|Any CPU.ActiveCfg = Debug|Any CPU
		{08347957-40E7-4BB0-AFB4-C6E4B22FF87E}.Debug|Any CPU.Build.0 = Debug|Any CPU
		{08347957-40E7-4BB0-AFB4-C6E4B22FF87E}.Release|Any CPU.ActiveCfg = Release|Any CPU
		{08347957-40E7-4BB0-AFB4-C6E4B22FF87E}.Release|Any CPU.Build.0 = Release|Any CPU
	EndGlobalSection
	GlobalSection(SolutionProperties) = preSolution
		HideSolutionNode = FALSE
	EndGlobalSection
	GlobalSection(ExtensibilityGlobals) = postSolution
		SolutionGuid = {D102374F-0551-4F0A-A8A2-F90DEB03A12E}
	EndGlobalSection
EndGlobal
